
Microsoft Visual Studio Solution File, Format Version 12.00
# Visual Studio Version 17
VisualStudioVersion = 17.12.35527.113 d17.12
MinimumVisualStudioVersion = 10.0.40219.1
Project("{F184B08F-C81C-45F6-A57F-5ABD9991F28F}") = "VariablesAndDataTypesAndStuff", "VariablesAndDataTypesAndStuff\VariablesAndDataTypesAndStuff.vbproj", "{22912C10-1A35-464B-BD60-0FB488940F6C}"
EndProject
Global
	GlobalSection(SolutionConfigurationPlatforms) = preSolution
		Debug|Any CPU = Debug|Any CPU
		Release|Any CPU = Release|Any CPU
	EndGlobalSection
	GlobalSection(ProjectConfigurationPlatforms) = postSolution
		{22912C10-1A35-464B-BD60-0FB488940F6C}.Debug|Any CPU.ActiveCfg = Debug|Any CPU
		{22912C10-1A35-464B-BD60-0FB488940F6C}.Debug|Any CPU.Build.0 = Debug|Any CPU
		{22912C10-1A35-464B-BD60-0FB488940F6C}.Release|Any CPU.ActiveCfg = Release|Any CPU
		{22912C10-1A35-464B-BD60-0FB488940F6C}.Release|Any CPU.Build.0 = Release|Any CPU
	EndGlobalSection
	GlobalSection(SolutionProperties) = preSolution
		HideSolutionNode = FALSE
	EndGlobalSection
EndGlobal
